$ANSIBLE_VAULT;1.1;AES256
33663237653631316264326331663430616236323962343832393838326461636536316662343932
3039373631653838313863333338633134363730613834650a613035336666663933383239376438
62363331393361623534313732383063396661613139313061626263363636623431666465313238
3532633735376563640a396636616536376637386633363936393761333965313564323039363735
61386566636434646664393330343731636434336333386633333065666632393631
